// !$*UTF8*$!
{
	archiveVersion = 1;
	classes = {
	};
	objectVersion = 50;
	objects = {

/* Begin PBXBuildFile section */
		E004E8DD20D891530089D7C2 /* SystemHealthObject.m in Sources */ = {isa = PBXBuildFile; fileRef = E004E8DC20D891530089D7C2 /* SystemHealthObject.m */; };
		E004E8E020D8B25D0089D7C2 /* SystemNetworkObject.m in Sources */ = {isa = PBXBuildFile; fileRef = E004E8DF20D8B25D0089D7C2 /* SystemNetworkObject.m */; };
		E0111D7420D8B697001CC290 /* HomeKit.framework in Frameworks */ = {isa = PBXBuildFile; fileRef = E0111D7320D8B697001CC290 /* HomeKit.framework */; };
		E0111D7720D8B698001CC290 /* HealthKit.framework in Frameworks */ = {isa = PBXBuildFile; fileRef = E0111D7620D8B698001CC290 /* HealthKit.framework */; };
		E07FB49020D14E3F001B517F /* AppDelegate.m in Sources */ = {isa = PBXBuildFile; fileRef = E07FB48F20D14E3F001B517F /* AppDelegate.m */; };
		E07FB49320D14E3F001B517F /* ViewController.m in Sources */ = {isa = PBXBuildFile; fileRef = E07FB49220D14E3F001B517F /* ViewController.m */; };
		E07FB49620D14E3F001B517F /* Main.storyboard in Resources */ = {isa = PBXBuildFile; fileRef = E07FB49420D14E3F001B517F /* Main.storyboard */; };
		E07FB49820D14E40001B517F /* Assets.xcassets in Resources */ = {isa = PBXBuildFile; fileRef = E07FB49720D14E40001B517F /* Assets.xcassets */; };
		E07FB49B20D14E40001B517F /* LaunchScreen.storyboard in Resources */ = {isa = PBXBuildFile; fileRef = E07FB49920D14E40001B517F /* LaunchScreen.storyboard */; };
		E07FB49E20D14E40001B517F /* main.m in Sources */ = {isa = PBXBuildFile; fileRef = E07FB49D20D14E40001B517F /* main.m */; };
		E07FB4A720D14E8A001B517F /* SystemPermissionServer.m in Sources */ = {isa = PBXBuildFile; fileRef = E07FB4A620D14E8A001B517F /* SystemPermissionServer.m */; };
		E07FB4AA20D21810001B517F /* SystemNotificationObject.m in Sources */ = {isa = PBXBuildFile; fileRef = E07FB4A920D21810001B517F /* SystemNotificationObject.m */; };
		E07FB4AD20D21861001B517F /* SystemPermissionObject.m in Sources */ = {isa = PBXBuildFile; fileRef = E07FB4AC20D21861001B517F /* SystemPermissionObject.m */; };
		E07FB4B020D21B4F001B517F /* SystemAlbumObject.m in Sources */ = {isa = PBXBuildFile; fileRef = E07FB4AF20D21B4F001B517F /* SystemAlbumObject.m */; };
		E07FB4B320D21EA5001B517F /* SystemCameraObject.m in Sources */ = {isa = PBXBuildFile; fileRef = E07FB4B220D21EA5001B517F /* SystemCameraObject.m */; };
		E07FB4B620D21FD7001B517F /* SystemRecordObject.m in Sources */ = {isa = PBXBuildFile; fileRef = E07FB4B520D21FD7001B517F /* SystemRecordObject.m */; };
		E07FB4B920D22ED2001B517F /* SystemLocationObject.m in Sources */ = {isa = PBXBuildFile; fileRef = E07FB4B820D22ED2001B517F /* SystemLocationObject.m */; };
		E07FB4BC20D23BA3001B517F /* SystemAddressBookObject.m in Sources */ = {isa = PBXBuildFile; fileRef = E07FB4BB20D23BA3001B517F /* SystemAddressBookObject.m */; };
		E07FB4BF20D25A3C001B517F /* SystemBluetoothObject.m in Sources */ = {isa = PBXBuildFile; fileRef = E07FB4BE20D25A3C001B517F /* SystemBluetoothObject.m */; };
		E07FB4C220D38AF3001B517F /* SystemCalendarObject.m in Sources */ = {isa = PBXBuildFile; fileRef = E07FB4C120D38AF3001B517F /* SystemCalendarObject.m */; };
		E07FB4C520D39D70001B517F /* SystemSirObject.m in Sources */ = {isa = PBXBuildFile; fileRef = E07FB4C420D39D70001B517F /* SystemSirObject.m */; };
		E07FB4C820D3A111001B517F /* SystemSpeechObject.m in Sources */ = {isa = PBXBuildFile; fileRef = E07FB4C720D3A111001B517F /* SystemSpeechObject.m */; };
		E07FB4CB20D3A339001B517F /* SystemApplePayObject.m in Sources */ = {isa = PBXBuildFile; fileRef = E07FB4CA20D3A339001B517F /* SystemApplePayObject.m */; };
		E07FB4CE20D3B0CF001B517F /* SystemTouchIDObject.m in Sources */ = {isa = PBXBuildFile; fileRef = E07FB4CD20D3B0CF001B517F /* SystemTouchIDObject.m */; };
		E07FB4D120D3BC41001B517F /* SystemMediaPlayerObject.m in Sources */ = {isa = PBXBuildFile; fileRef = E07FB4D020D3BC41001B517F /* SystemMediaPlayerObject.m */; };
/* End PBXBuildFile section */

/* Begin PBXFileReference section */
		E004E8DB20D891530089D7C2 /* SystemHealthObject.h */ = {isa = PBXFileReference; lastKnownFileType = sourcecode.c.h; path = SystemHealthObject.h; sourceTree = "<group>"; };
		E004E8DC20D891530089D7C2 /* SystemHealthObject.m */ = {isa = PBXFileReference; lastKnownFileType = sourcecode.c.objc; path = SystemHealthObject.m; sourceTree = "<group>"; };
		E004E8DE20D8B25D0089D7C2 /* SystemNetworkObject.h */ = {isa = PBXFileReference; lastKnownFileType = sourcecode.c.h; path = SystemNetworkObject.h; sourceTree = "<group>"; };
		E004E8DF20D8B25D0089D7C2 /* SystemNetworkObject.m */ = {isa = PBXFileReference; lastKnownFileType = sourcecode.c.objc; path = SystemNetworkObject.m; sourceTree = "<group>"; };
		E0111D7320D8B697001CC290 /* HomeKit.framework */ = {isa = PBXFileReference; lastKnownFileType = wrapper.framework; name = HomeKit.framework; path = System/Library/Frameworks/HomeKit.framework; sourceTree = SDKROOT; };
		E0111D7520D8B697001CC290 /* SystemPermission.entitlements */ = {isa = PBXFileReference; lastKnownFileType = text.plist.entitlements; path = SystemPermission.entitlements; sourceTree = "<group>"; };
		E0111D7620D8B698001CC290 /* HealthKit.framework */ = {isa = PBXFileReference; lastKnownFileType = wrapper.framework; name = HealthKit.framework; path = System/Library/Frameworks/HealthKit.framework; sourceTree = SDKROOT; };
		E07FB48B20D14E3F001B517F /* SystemPermission.app */ = {isa = PBXFileReference; explicitFileType = wrapper.application; includeInIndex = 0; path = SystemPermission.app; sourceTree = BUILT_PRODUCTS_DIR; };
		E07FB48E20D14E3F001B517F /* AppDelegate.h */ = {isa = PBXFileReference; lastKnownFileType = sourcecode.c.h; path = AppDelegate.h; sourceTree = "<group>"; };
		E07FB48F20D14E3F001B517F /* AppDelegate.m */ = {isa = PBXFileReference; lastKnownFileType = sourcecode.c.objc; path = AppDelegate.m; sourceTree = "<group>"; };
		E07FB49120D14E3F001B517F /* ViewController.h */ = {isa = PBXFileReference; lastKnownFileType = sourcecode.c.h; path = ViewController.h; sourceTree = "<group>"; };
		E07FB49220D14E3F001B517F /* ViewController.m */ = {isa = PBXFileReference; lastKnownFileType = sourcecode.c.objc; path = ViewController.m; sourceTree = "<group>"; };
		E07FB49520D14E3F001B517F /* Base */ = {isa = PBXFileReference; lastKnownFileType = file.storyboard; name = Base; path = Base.lproj/Main.storyboard; sourceTree = "<group>"; };
		E07FB49720D14E40001B517F /* Assets.xcassets */ = {isa = PBXFileReference; lastKnownFileType = folder.assetcatalog; path = Assets.xcassets; sourceTree = "<group>"; };
		E07FB49A20D14E40001B517F /* Base */ = {isa = PBXFileReference; lastKnownFileType = file.storyboard; name = Base; path = Base.lproj/LaunchScreen.storyboard; sourceTree = "<group>"; };
		E07FB49C20D14E40001B517F /* Info.plist */ = {isa = PBXFileReference; lastKnownFileType = text.plist.xml; path = Info.plist; sourceTree = "<group>"; };
		E07FB49D20D14E40001B517F /* main.m */ = {isa = PBXFileReference; lastKnownFileType = sourcecode.c.objc; path = main.m; sourceTree = "<group>"; };
		E07FB4A520D14E8A001B517F /* SystemPermissionServer.h */ = {isa = PBXFileReference; lastKnownFileType = sourcecode.c.h; path = SystemPermissionServer.h; sourceTree = "<group>"; };
		E07FB4A620D14E8A001B517F /* SystemPermissionServer.m */ = {isa = PBXFileReference; lastKnownFileType = sourcecode.c.objc; path = SystemPermissionServer.m; sourceTree = "<group>"; };
		E07FB4A820D21810001B517F /* SystemNotificationObject.h */ = {isa = PBXFileReference; lastKnownFileType = sourcecode.c.h; path = SystemNotificationObject.h; sourceTree = "<group>"; };
		E07FB4A920D21810001B517F /* SystemNotificationObject.m */ = {isa = PBXFileReference; lastKnownFileType = sourcecode.c.objc; path = SystemNotificationObject.m; sourceTree = "<group>"; };
		E07FB4AB20D21861001B517F /* SystemPermissionObject.h */ = {isa = PBXFileReference; lastKnownFileType = sourcecode.c.h; path = SystemPermissionObject.h; sourceTree = "<group>"; };
		E07FB4AC20D21861001B517F /* SystemPermissionObject.m */ = {isa = PBXFileReference; lastKnownFileType = sourcecode.c.objc; path = SystemPermissionObject.m; sourceTree = "<group>"; };
		E07FB4AE20D21B4F001B517F /* SystemAlbumObject.h */ = {isa = PBXFileReference; lastKnownFileType = sourcecode.c.h; path = SystemAlbumObject.h; sourceTree = "<group>"; };
		E07FB4AF20D21B4F001B517F /* SystemAlbumObject.m */ = {isa = PBXFileReference; lastKnownFileType = sourcecode.c.objc; path = SystemAlbumObject.m; sourceTree = "<group>"; };
		E07FB4B120D21EA5001B517F /* SystemCameraObject.h */ = {isa = PBXFileReference; lastKnownFileType = sourcecode.c.h; path = SystemCameraObject.h; sourceTree = "<group>"; };
		E07FB4B220D21EA5001B517F /* SystemCameraObject.m */ = {isa = PBXFileReference; lastKnownFileType = sourcecode.c.objc; path = SystemCameraObject.m; sourceTree = "<group>"; };
		E07FB4B420D21FD7001B517F /* SystemRecordObject.h */ = {isa = PBXFileReference; lastKnownFileType = sourcecode.c.h; path = SystemRecordObject.h; sourceTree = "<group>"; };
		E07FB4B520D21FD7001B517F /* SystemRecordObject.m */ = {isa = PBXFileReference; lastKnownFileType = sourcecode.c.objc; path = SystemRecordObject.m; sourceTree = "<group>"; };
		E07FB4B720D22ED2001B517F /* SystemLocationObject.h */ = {isa = PBXFileReference; lastKnownFileType = sourcecode.c.h; path = SystemLocationObject.h; sourceTree = "<group>"; };
		E07FB4B820D22ED2001B517F /* SystemLocationObject.m */ = {isa = PBXFileReference; lastKnownFileType = sourcecode.c.objc; path = SystemLocationObject.m; sourceTree = "<group>"; };
		E07FB4BA20D23BA3001B517F /* SystemAddressBookObject.h */ = {isa = PBXFileReference; lastKnownFileType = sourcecode.c.h; path = SystemAddressBookObject.h; sourceTree = "<group>"; };
		E07FB4BB20D23BA3001B517F /* SystemAddressBookObject.m */ = {isa = PBXFileReference; lastKnownFileType = sourcecode.c.objc; path = SystemAddressBookObject.m; sourceTree = "<group>"; };
		E07FB4BD20D25A3C001B517F /* SystemBluetoothObject.h */ = {isa = PBXFileReference; lastKnownFileType = sourcecode.c.h; path = SystemBluetoothObject.h; sourceTree = "<group>"; };
		E07FB4BE20D25A3C001B517F /* SystemBluetoothObject.m */ = {isa = PBXFileReference; lastKnownFileType = sourcecode.c.objc; path = SystemBluetoothObject.m; sourceTree = "<group>"; };
		E07FB4C020D38AF3001B517F /* SystemCalendarObject.h */ = {isa = PBXFileReference; lastKnownFileType = sourcecode.c.h; path = SystemCalendarObject.h; sourceTree = "<group>"; };
		E07FB4C120D38AF3001B517F /* SystemCalendarObject.m */ = {isa = PBXFileReference; lastKnownFileType = sourcecode.c.objc; path = SystemCalendarObject.m; sourceTree = "<group>"; };
		E07FB4C320D39D70001B517F /* SystemSirObject.h */ = {isa = PBXFileReference; lastKnownFileType = sourcecode.c.h; path = SystemSirObject.h; sourceTree = "<group>"; };
		E07FB4C420D39D70001B517F /* SystemSirObject.m */ = {isa = PBXFileReference; lastKnownFileType = sourcecode.c.objc; path = SystemSirObject.m; sourceTree = "<group>"; };
		E07FB4C620D3A111001B517F /* SystemSpeechObject.h */ = {isa = PBXFileReference; lastKnownFileType = sourcecode.c.h; path = SystemSpeechObject.h; sourceTree = "<group>"; };
		E07FB4C720D3A111001B517F /* SystemSpeechObject.m */ = {isa = PBXFileReference; lastKnownFileType = sourcecode.c.objc; path = SystemSpeechObject.m; sourceTree = "<group>"; };
		E07FB4C920D3A339001B517F /* SystemApplePayObject.h */ = {isa = PBXFileReference; lastKnownFileType = sourcecode.c.h; path = SystemApplePayObject.h; sourceTree = "<group>"; };
		E07FB4CA20D3A339001B517F /* SystemApplePayObject.m */ = {isa = PBXFileReference; lastKnownFileType = sourcecode.c.objc; path = SystemApplePayObject.m; sourceTree = "<group>"; };
		E07FB4CC20D3B0CF001B517F /* SystemTouchIDObject.h */ = {isa = PBXFileReference; lastKnownFileType = sourcecode.c.h; path = SystemTouchIDObject.h; sourceTree = "<group>"; };
		E07FB4CD20D3B0CF001B517F /* SystemTouchIDObject.m */ = {isa = PBXFileReference; lastKnownFileType = sourcecode.c.objc; path = SystemTouchIDObject.m; sourceTree = "<group>"; };
		E07FB4CF20D3BC41001B517F /* SystemMediaPlayerObject.h */ = {isa = PBXFileReference; lastKnownFileType = sourcecode.c.h; path = SystemMediaPlayerObject.h; sourceTree = "<group>"; };
		E07FB4D020D3BC41001B517F /* SystemMediaPlayerObject.m */ = {isa = PBXFileReference; lastKnownFileType = sourcecode.c.objc; path = SystemMediaPlayerObject.m; sourceTree = "<group>"; };
/* End PBXFileReference section */

/* Begin PBXFrameworksBuildPhase section */
		E07FB48820D14E3F001B517F /* Frameworks */ = {
			isa = PBXFrameworksBuildPhase;
			buildActionMask = 2147483647;
			files = (
				E0111D7420D8B697001CC290 /* HomeKit.framework in Frameworks */,
				E0111D7720D8B698001CC290 /* HealthKit.framework in Frameworks */,
			);
			runOnlyForDeploymentPostprocessing = 0;
		};
/* End PBXFrameworksBuildPhase section */

/* Begin PBXGroup section */
		E0111D7220D8B697001CC290 /* Frameworks */ = {
			isa = PBXGroup;
			children = (
				E0111D7620D8B698001CC290 /* HealthKit.framework */,
				E0111D7320D8B697001CC290 /* HomeKit.framework */,
			);
			name = Frameworks;
			sourceTree = "<group>";
		};
		E07FB48220D14E3F001B517F = {
			isa = PBXGroup;
			children = (
				E07FB48D20D14E3F001B517F /* SystemPermission */,
				E07FB48C20D14E3F001B517F /* Products */,
				E0111D7220D8B697001CC290 /* Frameworks */,
			);
			sourceTree = "<group>";
		};
		E07FB48C20D14E3F001B517F /* Products */ = {
			isa = PBXGroup;
			children = (
				E07FB48B20D14E3F001B517F /* SystemPermission.app */,
			);
			name = Products;
			sourceTree = "<group>";
		};
		E07FB48D20D14E3F001B517F /* SystemPermission */ = {
			isa = PBXGroup;
			children = (
				E0111D7520D8B697001CC290 /* SystemPermission.entitlements */,
				E07FB48E20D14E3F001B517F /* AppDelegate.h */,
				E07FB48F20D14E3F001B517F /* AppDelegate.m */,
				E07FB49120D14E3F001B517F /* ViewController.h */,
				E07FB49220D14E3F001B517F /* ViewController.m */,
				E07FB4A420D14E53001B517F /* SystemPermission */,
				E07FB49420D14E3F001B517F /* Main.storyboard */,
				E07FB49720D14E40001B517F /* Assets.xcassets */,
				E07FB49920D14E40001B517F /* LaunchScreen.storyboard */,
				E07FB49C20D14E40001B517F /* Info.plist */,
				E07FB49D20D14E40001B517F /* main.m */,
			);
			path = SystemPermission;
			sourceTree = "<group>";
		};
		E07FB4A420D14E53001B517F /* SystemPermission */ = {
			isa = PBXGroup;
			children = (
				E07FB4A520D14E8A001B517F /* SystemPermissionServer.h */,
				E07FB4A620D14E8A001B517F /* SystemPermissionServer.m */,
				E07FB4AB20D21861001B517F /* SystemPermissionObject.h */,
				E07FB4AC20D21861001B517F /* SystemPermissionObject.m */,
				E07FB4A820D21810001B517F /* SystemNotificationObject.h */,
				E07FB4A920D21810001B517F /* SystemNotificationObject.m */,
				E07FB4AE20D21B4F001B517F /* SystemAlbumObject.h */,
				E07FB4AF20D21B4F001B517F /* SystemAlbumObject.m */,
				E07FB4B120D21EA5001B517F /* SystemCameraObject.h */,
				E07FB4B220D21EA5001B517F /* SystemCameraObject.m */,
				E07FB4B420D21FD7001B517F /* SystemRecordObject.h */,
				E07FB4B520D21FD7001B517F /* SystemRecordObject.m */,
				E07FB4B720D22ED2001B517F /* SystemLocationObject.h */,
				E07FB4B820D22ED2001B517F /* SystemLocationObject.m */,
				E07FB4BA20D23BA3001B517F /* SystemAddressBookObject.h */,
				E07FB4BB20D23BA3001B517F /* SystemAddressBookObject.m */,
				E07FB4BD20D25A3C001B517F /* SystemBluetoothObject.h */,
				E07FB4BE20D25A3C001B517F /* SystemBluetoothObject.m */,
				E07FB4C020D38AF3001B517F /* SystemCalendarObject.h */,
				E07FB4C120D38AF3001B517F /* SystemCalendarObject.m */,
				E07FB4C320D39D70001B517F /* SystemSirObject.h */,
				E07FB4C420D39D70001B517F /* SystemSirObject.m */,
				E07FB4C620D3A111001B517F /* SystemSpeechObject.h */,
				E07FB4C720D3A111001B517F /* SystemSpeechObject.m */,
				E07FB4C920D3A339001B517F /* SystemApplePayObject.h */,
				E07FB4CA20D3A339001B517F /* SystemApplePayObject.m */,
				E07FB4CC20D3B0CF001B517F /* SystemTouchIDObject.h */,
				E07FB4CD20D3B0CF001B517F /* SystemTouchIDObject.m */,
				E07FB4CF20D3BC41001B517F /* SystemMediaPlayerObject.h */,
				E07FB4D020D3BC41001B517F /* SystemMediaPlayerObject.m */,
				E004E8DB20D891530089D7C2 /* SystemHealthObject.h */,
				E004E8DC20D891530089D7C2 /* SystemHealthObject.m */,
				E004E8DE20D8B25D0089D7C2 /* SystemNetworkObject.h */,
				E004E8DF20D8B25D0089D7C2 /* SystemNetworkObject.m */,
			);
			name = SystemPermission;
			path = ../Class/SystemPermission;
			sourceTree = "<group>";
		};
/* End PBXGroup section */

/* Begin PBXNativeTarget section */
		E07FB48A20D14E3F001B517F /* SystemPermission */ = {
			isa = PBXNativeTarget;
			buildConfigurationList = E07FB4A120D14E40001B517F /* Build configuration list for PBXNativeTarget "SystemPermission" */;
			buildPhases = (
				E07FB48720D14E3F001B517F /* Sources */,
				E07FB48820D14E3F001B517F /* Frameworks */,
				E07FB48920D14E3F001B517F /* Resources */,
			);
			buildRules = (
			);
			dependencies = (
			);
			name = SystemPermission;
			productName = SystemPermission;
			productReference = E07FB48B20D14E3F001B517F /* SystemPermission.app */;
			productType = "com.apple.product-type.application";
		};
/* End PBXNativeTarget section */

/* Begin PBXProject section */
		E07FB48320D14E3F001B517F /* Project object */ = {
			isa = PBXProject;
			attributes = {
				LastUpgradeCheck = 0940;
				ORGANIZATIONNAME = wujian;
				TargetAttributes = {
					E07FB48A20D14E3F001B517F = {
						CreatedOnToolsVersion = 9.4;
						SystemCapabilities = {
							com.apple.BackgroundModes = {
								enabled = 1;
							};
							com.apple.HealthKit = {
								enabled = 1;
							};
							com.apple.HomeKit = {
								enabled = 1;
							};
						};
					};
				};
			};
			buildConfigurationList = E07FB48620D14E3F001B517F /* Build configuration list for PBXProject "SystemPermission" */;
			compatibilityVersion = "Xcode 9.3";
			developmentRegion = en;
			hasScannedForEncodings = 0;
			knownRegions = (
				en,
				Base,
			);
			mainGroup = E07FB48220D14E3F001B517F;
			productRefGroup = E07FB48C20D14E3F001B517F /* Products */;
			projectDirPath = "";
			projectRoot = "";
			targets = (
				E07FB48A20D14E3F001B517F /* SystemPermission */,
			);
		};
/* End PBXProject section */

/* Begin PBXResourcesBuildPhase section */
		E07FB48920D14E3F001B517F /* Resources */ = {
			isa = PBXResourcesBuildPhase;
			buildActionMask = 2147483647;
			files = (
				E07FB49B20D14E40001B517F /* LaunchScreen.storyboard in Resources */,
				E07FB49820D14E40001B517F /* Assets.xcassets in Resources */,
				E07FB49620D14E3F001B517F /* Main.storyboard in Resources */,
			);
			runOnlyForDeploymentPostprocessing = 0;
		};
/* End PBXResourcesBuildPhase section */

/* Begin PBXSourcesBuildPhase section */
		E07FB48720D14E3F001B517F /* Sources */ = {
			isa = PBXSourcesBuildPhase;
			buildActionMask = 2147483647;
			files = (
				E07FB4AD20D21861001B517F /* SystemPermissionObject.m in Sources */,
				E07FB4D120D3BC41001B517F /* SystemMediaPlayerObject.m in Sources */,
				E004E8E020D8B25D0089D7C2 /* SystemNetworkObject.m in Sources */,
				E07FB4BC20D23BA3001B517F /* SystemAddressBookObject.m in Sources */,
				E07FB4A720D14E8A001B517F /* SystemPermissionServer.m in Sources */,
				E07FB4AA20D21810001B517F /* SystemNotificationObject.m in Sources */,
				E07FB4C520D39D70001B517F /* SystemSirObject.m in Sources */,
				E07FB49320D14E3F001B517F /* ViewController.m in Sources */,
				E07FB4B320D21EA5001B517F /* SystemCameraObject.m in Sources */,
				E07FB4CE20D3B0CF001B517F /* SystemTouchIDObject.m in Sources */,
				E07FB49E20D14E40001B517F /* main.m in Sources */,
				E004E8DD20D891530089D7C2 /* SystemHealthObject.m in Sources */,
				E07FB4C220D38AF3001B517F /* SystemCalendarObject.m in Sources */,
				E07FB4CB20D3A339001B517F /* SystemApplePayObject.m in Sources */,
				E07FB49020D14E3F001B517F /* AppDelegate.m in Sources */,
				E07FB4BF20D25A3C001B517F /* SystemBluetoothObject.m in Sources */,
				E07FB4C820D3A111001B517F /* SystemSpeechObject.m in Sources */,
				E07FB4B620D21FD7001B517F /* SystemRecordObject.m in Sources */,
				E07FB4B920D22ED2001B517F /* SystemLocationObject.m in Sources */,
				E07FB4B020D21B4F001B517F /* SystemAlbumObject.m in Sources */,
			);
			runOnlyForDeploymentPostprocessing = 0;
		};
/* End PBXSourcesBuildPhase section */

/* Begin PBXVariantGroup section */
		E07FB49420D14E3F001B517F /* Main.storyboard */ = {
			isa = PBXVariantGroup;
			children = (
				E07FB49520D14E3F001B517F /* Base */,
			);
			name = Main.storyboard;
			sourceTree = "<group>";
		};
		E07FB49920D14E40001B517F /* LaunchScreen.storyboard */ = {
			isa = PBXVariantGroup;
			children = (
				E07FB49A20D14E40001B517F /* Base */,
			);
			name = LaunchScreen.storyboard;
			sourceTree = "<group>";
		};
/* End PBXVariantGroup section */

/* Begin XCBuildConfiguration section */
		E07FB49F20D14E40001B517F /* Debug */ = {
			isa = XCBuildConfiguration;
			buildSettings = {
				ALWAYS_SEARCH_USER_PATHS = NO;
				CLANG_ANALYZER_NONNULL = YES;
				CLANG_ANALYZER_NUMBER_OBJECT_CONVERSION = YES_AGGRESSIVE;
				CLANG_CXX_LANGUAGE_STANDARD = "gnu++14";
				CLANG_CXX_LIBRARY = "libc++";
				CLANG_ENABLE_MODULES = YES;
				CLANG_ENABLE_OBJC_ARC = YES;
				CLANG_ENABLE_OBJC_WEAK = YES;
				CLANG_WARN_BLOCK_CAPTURE_AUTORELEASING = YES;
				CLANG_WARN_BOOL_CONVERSION = YES;
				CLANG_WARN_COMMA = YES;
				CLANG_WARN_CONSTANT_CONVERSION = YES;
				CLANG_WARN_DEPRECATED_OBJC_IMPLEMENTATIONS = YES;
				CLANG_WARN_DIRECT_OBJC_ISA_USAGE = YES_ERROR;
				CLANG_WARN_DOCUMENTATION_COMMENTS = YES;
				CLANG_WARN_EMPTY_BODY = YES;
				CLANG_WARN_ENUM_CONVERSION = YES;
				CLANG_WARN_INFINITE_RECURSION = YES;
				CLANG_WARN_INT_CONVERSION = YES;
				CLANG_WARN_NON_LITERAL_NULL_CONVERSION = YES;
				CLANG_WARN_OBJC_IMPLICIT_RETAIN_SELF = YES;
				CLANG_WARN_OBJC_LITERAL_CONVERSION = YES;
				CLANG_WARN_OBJC_ROOT_CLASS = YES_ERROR;
				CLANG_WARN_RANGE_LOOP_ANALYSIS = YES;
				CLANG_WARN_STRICT_PROTOTYPES = YES;
				CLANG_WARN_SUSPICIOUS_MOVE = YES;
				CLANG_WARN_UNGUARDED_AVAILABILITY = YES_AGGRESSIVE;
				CLANG_WARN_UNREACHABLE_CODE = YES;
				CLANG_WARN__DUPLICATE_METHOD_MATCH = YES;
				CODE_SIGN_IDENTITY = "iPhone Developer";
				COPY_PHASE_STRIP = NO;
				DEBUG_INFORMATION_FORMAT = dwarf;
				ENABLE_STRICT_OBJC_MSGSEND = YES;
				ENABLE_TESTABILITY = YES;
				GCC_C_LANGUAGE_STANDARD = gnu11;
				GCC_DYNAMIC_NO_PIC = NO;
				GCC_NO_COMMON_BLOCKS = YES;
				GCC_OPTIMIZATION_LEVEL = 0;
				GCC_PREPROCESSOR_DEFINITIONS = (
					"DEBUG=1",
					"$(inherited)",
				);
				GCC_WARN_64_TO_32_BIT_CONVERSION = YES;
				GCC_WARN_ABOUT_RETURN_TYPE = YES_ERROR;
				GCC_WARN_UNDECLARED_SELECTOR = YES;
				GCC_WARN_UNINITIALIZED_AUTOS = YES_AGGRESSIVE;
				GCC_WARN_UNUSED_FUNCTION = YES;
				GCC_WARN_UNUSED_VARIABLE = YES;
				IPHONEOS_DEPLOYMENT_TARGET = 11.4;
				MTL_ENABLE_DEBUG_INFO = YES;
				ONLY_ACTIVE_ARCH = YES;
				SDKROOT = iphoneos;
			};
			name = Debug;
		};
		E07FB4A020D14E40001B517F /* Release */ = {
			isa = XCBuildConfiguration;
			buildSettings = {
				ALWAYS_SEARCH_USER_PATHS = NO;
				CLANG_ANALYZER_NONNULL = YES;
				CLANG_ANALYZER_NUMBER_OBJECT_CONVERSION = YES_AGGRESSIVE;
				CLANG_CXX_LANGUAGE_STANDARD = "gnu++14";
				CLANG_CXX_LIBRARY = "libc++";
				CLANG_ENABLE_MODULES = YES;
				CLANG_ENABLE_OBJC_ARC = YES;
				CLANG_ENABLE_OBJC_WEAK = YES;
				CLANG_WARN_BLOCK_CAPTURE_AUTORELEASING = YES;
				CLANG_WARN_BOOL_CONVERSION = YES;
				CLANG_WARN_COMMA = YES;
				CLANG_WARN_CONSTANT_CONVERSION = YES;
				CLANG_WARN_DEPRECATED_OBJC_IMPLEMENTATIONS = YES;
				CLANG_WARN_DIRECT_OBJC_ISA_USAGE = YES_ERROR;
				CLANG_WARN_DOCUMENTATION_COMMENTS = YES;
				CLANG_WARN_EMPTY_BODY = YES;
				CLANG_WARN_ENUM_CONVERSION = YES;
				CLANG_WARN_INFINITE_RECURSION = YES;
				CLANG_WARN_INT_CONVERSION = YES;
				CLANG_WARN_NON_LITERAL_NULL_CONVERSION = YES;
				CLANG_WARN_OBJC_IMPLICIT_RETAIN_SELF = YES;
				CLANG_WARN_OBJC_LITERAL_CONVERSION = YES;
				CLANG_WARN_OBJC_ROOT_CLASS = YES_ERROR;
				CLANG_WARN_RANGE_LOOP_ANALYSIS = YES;
				CLANG_WARN_STRICT_PROTOTYPES = YES;
				CLANG_WARN_SUSPICIOUS_MOVE = YES;
				CLANG_WARN_UNGUARDED_AVAILABILITY = YES_AGGRESSIVE;
				CLANG_WARN_UNREACHABLE_CODE = YES;
				CLANG_WARN__DUPLICATE_METHOD_MATCH = YES;
				CODE_SIGN_IDENTITY = "iPhone Developer";
				COPY_PHASE_STRIP = NO;
				DEBUG_INFORMATION_FORMAT = "dwarf-with-dsym";
				ENABLE_NS_ASSERTIONS = NO;
				ENABLE_STRICT_OBJC_MSGSEND = YES;
				GCC_C_LANGUAGE_STANDARD = gnu11;
				GCC_NO_COMMON_BLOCKS = YES;
				GCC_WARN_64_TO_32_BIT_CONVERSION = YES;
				GCC_WARN_ABOUT_RETURN_TYPE = YES_ERROR;
				GCC_WARN_UNDECLARED_SELECTOR = YES;
				GCC_WARN_UNINITIALIZED_AUTOS = YES_AGGRESSIVE;
				GCC_WARN_UNUSED_FUNCTION = YES;
				GCC_WARN_UNUSED_VARIABLE = YES;
				IPHONEOS_DEPLOYMENT_TARGET = 11.4;
				MTL_ENABLE_DEBUG_INFO = NO;
				SDKROOT = iphoneos;
				VALIDATE_PRODUCT = YES;
			};
			name = Release;
		};
		E07FB4A220D14E40001B517F /* Debug */ = {
			isa = XCBuildConfiguration;
			buildSettings = {
				ASSETCATALOG_COMPILER_APPICON_NAME = AppIcon;
				CODE_SIGN_ENTITLEMENTS = SystemPermission/SystemPermission.entitlements;
				CODE_SIGN_STYLE = Automatic;
				DEVELOPMENT_TEAM = B776HGZTR8;
				INFOPLIST_FILE = SystemPermission/Info.plist;
				IPHONEOS_DEPLOYMENT_TARGET = 8.0;
				LD_RUNPATH_SEARCH_PATHS = (
					"$(inherited)",
					"@executable_path/Frameworks",
				);
				PRODUCT_BUNDLE_IDENTIFIER = com.kkl.SystemPermission;
				PRODUCT_NAME = "$(TARGET_NAME)";
				TARGETED_DEVICE_FAMILY = "1,2";
			};
			name = Debug;
		};
		E07FB4A320D14E40001B517F /* Release */ = {
			isa = XCBuildConfiguration;
			buildSettings = {
				ASSETCATALOG_COMPILER_APPICON_NAME = AppIcon;
				CODE_SIGN_ENTITLEMENTS = SystemPermission/SystemPermission.entitlements;
				CODE_SIGN_STYLE = Automatic;
				DEVELOPMENT_TEAM = B776HGZTR8;
				INFOPLIST_FILE = SystemPermission/Info.plist;
				IPHONEOS_DEPLOYMENT_TARGET = 8.0;
				LD_RUNPATH_SEARCH_PATHS = (
					"$(inherited)",
					"@executable_path/Frameworks",
				);
				PRODUCT_BUNDLE_IDENTIFIER = com.kkl.SystemPermission;
				PRODUCT_NAME = "$(TARGET_NAME)";
				TARGETED_DEVICE_FAMILY = "1,2";
			};
			name = Release;
		};
/* End XCBuildConfiguration section */

/* Begin XCConfigurationList section */
		E07FB48620D14E3F001B517F /* Build configuration list for PBXProject "SystemPermission" */ = {
			isa = XCConfigurationList;
			buildConfigurations = (
				E07FB49F20D14E40001B517F /* Debug */,
				E07FB4A020D14E40001B517F /* Release */,
			);
			defaultConfigurationIsVisible = 0;
			defaultConfigurationName = Release;
		};
		E07FB4A120D14E40001B517F /* Build configuration list for PBXNativeTarget "SystemPermission" */ = {
			isa = XCConfigurationList;
			buildConfigurations = (
				E07FB4A220D14E40001B517F /* Debug */,
				E07FB4A320D14E40001B517F /* Release */,
			);
			defaultConfigurationIsVisible = 0;
			defaultConfigurationName = Release;
		};
/* End XCConfigurationList section */
	};
	rootObject = E07FB48320D14E3F001B517F /* Project object */;
}
